// !$*UTF8*$!
{
	archiveVersion = 1;
	classes = {
	};
	objectVersion = 46;
	objects = {

/* Begin PBXBuildFile section */
		1400BC841D2B44480085637F /* AppDelegate.swift in Sources */ = {isa = PBXBuildFile; fileRef = 1400BC831D2B44480085637F /* AppDelegate.swift */; };
		1400BC861D2B44480085637F /* ViewController.swift in Sources */ = {isa = PBXBuildFile; fileRef = 1400BC851D2B44480085637F /* ViewController.swift */; };
		1400BC891D2B44480085637F /* Main.storyboard in Resources */ = {isa = PBXBuildFile; fileRef = 1400BC871D2B44480085637F /* Main.storyboard */; };
		1400BC8B1D2B44480085637F /* Assets.xcassets in Resources */ = {isa = PBXBuildFile; fileRef = 1400BC8A1D2B44480085637F /* Assets.xcassets */; };
		1400BC8E1D2B44480085637F /* LaunchScreen.storyboard in Resources */ = {isa = PBXBuildFile; fileRef = 1400BC8C1D2B44480085637F /* LaunchScreen.storyboard */; };
		1400BC961D2B44920085637F /* ViewScroll.swift in Sources */ = {isa = PBXBuildFile; fileRef = 1400BC951D2B44920085637F /* ViewScroll.swift */; };
		1400BCA41D2B512E0085637F /* Image0.jpg in Resources */ = {isa = PBXBuildFile; fileRef = 1400BCA01D2B512E0085637F /* Image0.jpg */; };
		1400BCA61D2B512E0085637F /* Image2.jpg in Resources */ = {isa = PBXBuildFile; fileRef = 1400BCA21D2B512E0085637F /* Image2.jpg */; };
		1400BCA71D2B512E0085637F /* Image3.jpg in Resources */ = {isa = PBXBuildFile; fileRef = 1400BCA31D2B512E0085637F /* Image3.jpg */; };
		1400BCAB1D2B54010085637F /* Image1.jpg in Resources */ = {isa = PBXBuildFile; fileRef = 1400BCAA1D2B54010085637F /* Image1.jpg */; };
		14DA8C641D2BAC22003D1682 /* ListImages.swift in Sources */ = {isa = PBXBuildFile; fileRef = 14DA8C631D2BAC22003D1682 /* ListImages.swift */; };
		14DBD3DA1D2CAFA700D780CE /* back.png in Resources */ = {isa = PBXBuildFile; fileRef = 14DBD3D81D2CAFA700D780CE /* back.png */; };
		14DBD3DB1D2CAFA700D780CE /* next.png in Resources */ = {isa = PBXBuildFile; fileRef = 14DBD3D91D2CAFA700D780CE /* next.png */; };
/* End PBXBuildFile section */

/* Begin PBXFileReference section */
		1400BC801D2B44480085637F /* paginScrollView.app */ = {isa = PBXFileReference; explicitFileType = wrapper.application; includeInIndex = 0; path = paginScrollView.app; sourceTree = BUILT_PRODUCTS_DIR; };
		1400BC831D2B44480085637F /* AppDelegate.swift */ = {isa = PBXFileReference; lastKnownFileType = sourcecode.swift; path = AppDelegate.swift; sourceTree = "<group>"; };
		1400BC851D2B44480085637F /* ViewController.swift */ = {isa = PBXFileReference; lastKnownFileType = sourcecode.swift; path = ViewController.swift; sourceTree = "<group>"; };
		1400BC881D2B44480085637F /* Base */ = {isa = PBXFileReference; lastKnownFileType = file.storyboard; name = Base; path = Base.lproj/Main.storyboard; sourceTree = "<group>"; };
		1400BC8A1D2B44480085637F /* Assets.xcassets */ = {isa = PBXFileReference; lastKnownFileType = folder.assetcatalog; path = Assets.xcassets; sourceTree = "<group>"; };
		1400BC8D1D2B44480085637F /* Base */ = {isa = PBXFileReference; lastKnownFileType = file.storyboard; name = Base; path = Base.lproj/LaunchScreen.storyboard; sourceTree = "<group>"; };
		1400BC8F1D2B44480085637F /* Info.plist */ = {isa = PBXFileReference; lastKnownFileType = text.plist.xml; path = Info.plist; sourceTree = "<group>"; };
		1400BC951D2B44920085637F /* ViewScroll.swift */ = {isa = PBXFileReference; fileEncoding = 4; lastKnownFileType = sourcecode.swift; path = ViewScroll.swift; sourceTree = "<group>"; };
		1400BCA01D2B512E0085637F /* Image0.jpg */ = {isa = PBXFileReference; lastKnownFileType = image.jpeg; path = Image0.jpg; sourceTree = "<group>"; };
		1400BCA21D2B512E0085637F /* Image2.jpg */ = {isa = PBXFileReference; lastKnownFileType = image.jpeg; path = Image2.jpg; sourceTree = "<group>"; };
		1400BCA31D2B512E0085637F /* Image3.jpg */ = {isa = PBXFileReference; lastKnownFileType = image.jpeg; path = Image3.jpg; sourceTree = "<group>"; };
		1400BCAA1D2B54010085637F /* Image1.jpg */ = {isa = PBXFileReference; lastKnownFileType = image.jpeg; path = Image1.jpg; sourceTree = "<group>"; };
		14DA8C631D2BAC22003D1682 /* ListImages.swift */ = {isa = PBXFileReference; fileEncoding = 4; lastKnownFileType = sourcecode.swift; path = ListImages.swift; sourceTree = "<group>"; };
		14DBD3D81D2CAFA700D780CE /* back.png */ = {isa = PBXFileReference; lastKnownFileType = image.png; path = back.png; sourceTree = "<group>"; };
		14DBD3D91D2CAFA700D780CE /* next.png */ = {isa = PBXFileReference; lastKnownFileType = image.png; path = next.png; sourceTree = "<group>"; };
/* End PBXFileReference section */

/* Begin PBXFrameworksBuildPhase section */
		1400BC7D1D2B44480085637F /* Frameworks */ = {
			isa = PBXFrameworksBuildPhase;
			buildActionMask = 2147483647;
			files = (
			);
			runOnlyForDeploymentPostprocessing = 0;
		};
/* End PBXFrameworksBuildPhase section */

/* Begin PBXGroup section */
		1400BC771D2B44480085637F = {
			isa = PBXGroup;
			children = (
				1400BC821D2B44480085637F /* paginScrollView */,
				1400BC811D2B44480085637F /* Products */,
			);
			sourceTree = "<group>";
		};
		1400BC811D2B44480085637F /* Products */ = {
			isa = PBXGroup;
			children = (
				1400BC801D2B44480085637F /* paginScrollView.app */,
			);
			name = Products;
			sourceTree = "<group>";
		};
		1400BC821D2B44480085637F /* paginScrollView */ = {
			isa = PBXGroup;
			children = (
				1400BC971D2B4C880085637F /* resoure */,
				1400BC831D2B44480085637F /* AppDelegate.swift */,
				1400BC851D2B44480085637F /* ViewController.swift */,
				14DA8C631D2BAC22003D1682 /* ListImages.swift */,
				1400BC951D2B44920085637F /* ViewScroll.swift */,
				1400BC871D2B44480085637F /* Main.storyboard */,
				1400BC8A1D2B44480085637F /* Assets.xcassets */,
				1400BC8C1D2B44480085637F /* LaunchScreen.storyboard */,
				1400BC8F1D2B44480085637F /* Info.plist */,
			);
			path = paginScrollView;
			sourceTree = "<group>";
		};
		1400BC971D2B4C880085637F /* resoure */ = {
			isa = PBXGroup;
			children = (
				14DBD3D81D2CAFA700D780CE /* back.png */,
				14DBD3D91D2CAFA700D780CE /* next.png */,
				1400BCAA1D2B54010085637F /* Image1.jpg */,
				1400BCA01D2B512E0085637F /* Image0.jpg */,
				1400BCA21D2B512E0085637F /* Image2.jpg */,
				1400BCA31D2B512E0085637F /* Image3.jpg */,
			);
			name = resoure;
			sourceTree = "<group>";
		};
/* End PBXGroup section */

/* Begin PBXNativeTarget section */
		1400BC7F1D2B44480085637F /* paginScrollView */ = {
			isa = PBXNativeTarget;
			buildConfigurationList = 1400BC921D2B44480085637F /* Build configuration list for PBXNativeTarget "paginScrollView" */;
			buildPhases = (
				1400BC7C1D2B44480085637F /* Sources */,
				1400BC7D1D2B44480085637F /* Frameworks */,
				1400BC7E1D2B44480085637F /* Resources */,
			);
			buildRules = (
			);
			dependencies = (
			);
			name = paginScrollView;
			productName = paginScrollView;
			productReference = 1400BC801D2B44480085637F /* paginScrollView.app */;
			productType = "com.apple.product-type.application";
		};
/* End PBXNativeTarget section */

/* Begin PBXProject section */
		1400BC781D2B44480085637F /* Project object */ = {
			isa = PBXProject;
			attributes = {
				LastSwiftUpdateCheck = 0730;
				LastUpgradeCheck = 0730;
				ORGANIZATIONNAME = MyStudio;
				TargetAttributes = {
					1400BC7F1D2B44480085637F = {
						CreatedOnToolsVersion = 7.3.1;
					};
				};
			};
			buildConfigurationList = 1400BC7B1D2B44480085637F /* Build configuration list for PBXProject "paginScrollView" */;
			compatibilityVersion = "Xcode 3.2";
			developmentRegion = English;
			hasScannedForEncodings = 0;
			knownRegions = (
				en,
				Base,
			);
			mainGroup = 1400BC771D2B44480085637F;
			productRefGroup = 1400BC811D2B44480085637F /* Products */;
			projectDirPath = "";
			projectRoot = "";
			targets = (
				1400BC7F1D2B44480085637F /* paginScrollView */,
			);
		};
/* End PBXProject section */

/* Begin PBXResourcesBuildPhase section */
		1400BC7E1D2B44480085637F /* Resources */ = {
			isa = PBXResourcesBuildPhase;
			buildActionMask = 2147483647;
			files = (
				1400BCA41D2B512E0085637F /* Image0.jpg in Resources */,
				1400BCA71D2B512E0085637F /* Image3.jpg in Resources */,
				14DBD3DB1D2CAFA700D780CE /* next.png in Resources */,
				1400BCA61D2B512E0085637F /* Image2.jpg in Resources */,
				1400BC8E1D2B44480085637F /* LaunchScreen.storyboard in Resources */,
				14DBD3DA1D2CAFA700D780CE /* back.png in Resources */,
				1400BCAB1D2B54010085637F /* Image1.jpg in Resources */,
				1400BC8B1D2B44480085637F /* Assets.xcassets in Resources */,
				1400BC891D2B44480085637F /* Main.storyboard in Resources */,
			);
			runOnlyForDeploymentPostprocessing = 0;
		};
/* End PBXResourcesBuildPhase section */

/* Begin PBXSourcesBuildPhase section */
		1400BC7C1D2B44480085637F /* Sources */ = {
			isa = PBXSourcesBuildPhase;
			buildActionMask = 2147483647;
			files = (
				1400BC961D2B44920085637F /* ViewScroll.swift in Sources */,
				14DA8C641D2BAC22003D1682 /* ListImages.swift in Sources */,
				1400BC861D2B44480085637F /* ViewController.swift in Sources */,
				1400BC841D2B44480085637F /* AppDelegate.swift in Sources */,
			);
			runOnlyForDeploymentPostprocessing = 0;
		};
/* End PBXSourcesBuildPhase section */

/* Begin PBXVariantGroup section */
		1400BC871D2B44480085637F /* Main.storyboard */ = {
			isa = PBXVariantGroup;
			children = (
				1400BC881D2B44480085637F /* Base */,
			);
			name = Main.storyboard;
			sourceTree = "<group>";
		};
		1400BC8C1D2B44480085637F /* LaunchScreen.storyboard */ = {
			isa = PBXVariantGroup;
			children = (
				1400BC8D1D2B44480085637F /* Base */,
			);
			name = LaunchScreen.storyboard;
			sourceTree = "<group>";
		};
/* End PBXVariantGroup section */

/* Begin XCBuildConfiguration section */
		1400BC901D2B44480085637F /* Debug */ = {
			isa = XCBuildConfiguration;
			buildSettings = {
				ALWAYS_SEARCH_USER_PATHS = NO;
				CLANG_ANALYZER_NONNULL = YES;
				CLANG_CXX_LANGUAGE_STANDARD = "gnu++0x";
				CLANG_CXX_LIBRARY = "libc++";
				CLANG_ENABLE_MODULES = YES;
				CLANG_ENABLE_OBJC_ARC = YES;
				CLANG_WARN_BOOL_CONVERSION = YES;
				CLANG_WARN_CONSTANT_CONVERSION = YES;
				CLANG_WARN_DIRECT_OBJC_ISA_USAGE = YES_ERROR;
				CLANG_WARN_EMPTY_BODY = YES;
				CLANG_WARN_ENUM_CONVERSION = YES;
				CLANG_WARN_INT_CONVERSION = YES;
				CLANG_WARN_OBJC_ROOT_CLASS = YES_ERROR;
				CLANG_WARN_UNREACHABLE_CODE = YES;
				CLANG_WARN__DUPLICATE_METHOD_MATCH = YES;
				"CODE_SIGN_IDENTITY[sdk=iphoneos*]" = "iPhone Developer";
				COPY_PHASE_STRIP = NO;
				DEBUG_INFORMATION_FORMAT = dwarf;
				ENABLE_STRICT_OBJC_MSGSEND = YES;
				ENABLE_TESTABILITY = YES;
				GCC_C_LANGUAGE_STANDARD = gnu99;
				GCC_DYNAMIC_NO_PIC = NO;
				GCC_NO_COMMON_BLOCKS = YES;
				GCC_OPTIMIZATION_LEVEL = 0;
				GCC_PREPROCESSOR_DEFINITIONS = (
					"DEBUG=1",
					"$(inherited)",
				);
				GCC_WARN_64_TO_32_BIT_CONVERSION = YES;
				GCC_WARN_ABOUT_RETURN_TYPE = YES_ERROR;
				GCC_WARN_UNDECLARED_SELECTOR = YES;
				GCC_WARN_UNINITIALIZED_AUTOS = YES_AGGRESSIVE;
				GCC_WARN_UNUSED_FUNCTION = YES;
				GCC_WARN_UNUSED_VARIABLE = YES;
				IPHONEOS_DEPLOYMENT_TARGET = 9.3;
				MTL_ENABLE_DEBUG_INFO = YES;
				ONLY_ACTIVE_ARCH = YES;
				SDKROOT = iphoneos;
				SWIFT_OPTIMIZATION_LEVEL = "-Onone";
				TARGETED_DEVICE_FAMILY = "1,2";
			};
			name = Debug;
		};
		1400BC911D2B44480085637F /* Release */ = {
			isa = XCBuildConfiguration;
			buildSettings = {
				ALWAYS_SEARCH_USER_PATHS = NO;
				CLANG_ANALYZER_NONNULL = YES;
				CLANG_CXX_LANGUAGE_STANDARD = "gnu++0x";
				CLANG_CXX_LIBRARY = "libc++";
				CLANG_ENABLE_MODULES = YES;
				CLANG_ENABLE_OBJC_ARC = YES;
				CLANG_WARN_BOOL_CONVERSION = YES;
				CLANG_WARN_CONSTANT_CONVERSION = YES;
				CLANG_WARN_DIRECT_OBJC_ISA_USAGE = YES_ERROR;
				CLANG_WARN_EMPTY_BODY = YES;
				CLANG_WARN_ENUM_CONVERSION = YES;
				CLANG_WARN_INT_CONVERSION = YES;
				CLANG_WARN_OBJC_ROOT_CLASS = YES_ERROR;
				CLANG_WARN_UNREACHABLE_CODE = YES;
				CLANG_WARN__DUPLICATE_METHOD_MATCH = YES;
				"CODE_SIGN_IDENTITY[sdk=iphoneos*]" = "iPhone Developer";
				COPY_PHASE_STRIP = NO;
				DEBUG_INFORMATION_FORMAT = "dwarf-with-dsym";
				ENABLE_NS_ASSERTIONS = NO;
				ENABLE_STRICT_OBJC_MSGSEND = YES;
				GCC_C_LANGUAGE_STANDARD = gnu99;
				GCC_NO_COMMON_BLOCKS = YES;
				GCC_WARN_64_TO_32_BIT_CONVERSION = YES;
				GCC_WARN_ABOUT_RETURN_TYPE = YES_ERROR;
				GCC_WARN_UNDECLARED_SELECTOR = YES;
				GCC_WARN_UNINITIALIZED_AUTOS = YES_AGGRESSIVE;
				GCC_WARN_UNUSED_FUNCTION = YES;
				GCC_WARN_UNUSED_VARIABLE = YES;
				IPHONEOS_DEPLOYMENT_TARGET = 9.3;
				MTL_ENABLE_DEBUG_INFO = NO;
				SDKROOT = iphoneos;
				TARGETED_DEVICE_FAMILY = "1,2";
				VALIDATE_PRODUCT = YES;
			};
			name = Release;
		};
		1400BC931D2B44480085637F /* Debug */ = {
			isa = XCBuildConfiguration;
			buildSettings = {
				ASSETCATALOG_COMPILER_APPICON_NAME = AppIcon;
				INFOPLIST_FILE = paginScrollView/Info.plist;
				LD_RUNPATH_SEARCH_PATHS = "$(inherited) @executable_path/Frameworks";
				PRODUCT_BUNDLE_IDENTIFIER = com.MyStudio.paginScrollView;
				PRODUCT_NAME = "$(TARGET_NAME)";
			};
			name = Debug;
		};
		1400BC941D2B44480085637F /* Release */ = {
			isa = XCBuildConfiguration;
			buildSettings = {
				ASSETCATALOG_COMPILER_APPICON_NAME = AppIcon;
				INFOPLIST_FILE = paginScrollView/Info.plist;
				LD_RUNPATH_SEARCH_PATHS = "$(inherited) @executable_path/Frameworks";
				PRODUCT_BUNDLE_IDENTIFIER = com.MyStudio.paginScrollView;
				PRODUCT_NAME = "$(TARGET_NAME)";
			};
			name = Release;
		};
/* End XCBuildConfiguration section */

/* Begin XCConfigurationList section */
		1400BC7B1D2B44480085637F /* Build configuration list for PBXProject "paginScrollView" */ = {
			isa = XCConfigurationList;
			buildConfigurations = (
				1400BC901D2B44480085637F /* Debug */,
				1400BC911D2B44480085637F /* Release */,
			);
			defaultConfigurationIsVisible = 0;
			defaultConfigurationName = Release;
		};
		1400BC921D2B44480085637F /* Build configuration list for PBXNativeTarget "paginScrollView" */ = {
			isa = XCConfigurationList;
			buildConfigurations = (
				1400BC931D2B44480085637F /* Debug */,
				1400BC941D2B44480085637F /* Release */,
			);
			defaultConfigurationIsVisible = 0;
			defaultConfigurationName = Release;
		};
/* End XCConfigurationList section */
	};
	rootObject = 1400BC781D2B44480085637F /* Project object */;
}
